
Microsoft Visual Studio Solution File, Format Version 9.00
# Visual Studio 2005
Project("{8BC9CEB8-8B4A-11D0-8D11-00A0C91BC942}") = "avs_enc", "avs_enc\avs_enc.vcproj", "{9112B1F0-999C-4632-8503-AD43CA2B3FE0}"
EndProject
Project("{8BC9CEB8-8B4A-11D0-8D11-00A0C91BC942}") = "dec", "dec\dec.vcproj", "{EEBE9221-B327-4881-9576-CD95E8CD7C5F}"
	ProjectSection(ProjectDependencies) = postProject
		{9112B1F0-999C-4632-8503-AD43CA2B3FE0} = {9112B1F0-999C-4632-8503-AD43CA2B3FE0}
	EndProjectSection
EndProject
Global
	GlobalSection(SolutionConfigurationPlatforms) = preSolution
		Debug|Win32 = Debug|Win32
		Release|Win32 = Release|Win32
	EndGlobalSection
	GlobalSection(ProjectConfigurationPlatforms) = postSolution
		{9112B1F0-999C-4632-8503-AD43CA2B3FE0}.Debug|Win32.ActiveCfg = Debug|Win32
		{9112B1F0-999C-4632-8503-AD43CA2B3FE0}.Debug|Win32.Build.0 = Debug|Win32
		{9112B1F0-999C-4632-8503-AD43CA2B3FE0}.Release|Win32.ActiveCfg = Release|Win32
		{9112B1F0-999C-4632-8503-AD43CA2B3FE0}.Release|Win32.Build.0 = Release|Win32
		{EEBE9221-B327-4881-9576-CD95E8CD7C5F}.Debug|Win32.ActiveCfg = Debug|Win32
		{EEBE9221-B327-4881-9576-CD95E8CD7C5F}.Debug|Win32.Build.0 = Debug|Win32
		{EEBE9221-B327-4881-9576-CD95E8CD7C5F}.Release|Win32.ActiveCfg = Release|Win32
		{EEBE9221-B327-4881-9576-CD95E8CD7C5F}.Release|Win32.Build.0 = Release|Win32
	EndGlobalSection
	GlobalSection(SolutionProperties) = preSolution
		HideSolutionNode = FALSE
	EndGlobalSection
	GlobalSection(ExtensibilityGlobals) = postSolution
		VisualSVNWorkingCopyRoot = 
	EndGlobalSection
EndGlobal
